// !$*UTF8*$!
{
	archiveVersion = 1;
	classes = {
	};
	objectVersion = 48;
	objects = {

/* Begin PBXBuildFile section */
		FAB9660420D06FB4009595C4 /* AppDelegate.swift in Sources */ = {isa = PBXBuildFile; fileRef = FAB9660320D06FB4009595C4 /* AppDelegate.swift */; };
		FAB9660620D06FB4009595C4 /* AddPhotoViewController.swift in Sources */ = {isa = PBXBuildFile; fileRef = FAB9660520D06FB4009595C4 /* AddPhotoViewController.swift */; };
		FAB9660920D06FB4009595C4 /* Main.storyboard in Resources */ = {isa = PBXBuildFile; fileRef = FAB9660720D06FB4009595C4 /* Main.storyboard */; };
		FAB9660C20D06FB4009595C4 /* accessCameraPhotoLibrary.xcdatamodeld in Sources */ = {isa = PBXBuildFile; fileRef = FAB9660A20D06FB4009595C4 /* accessCameraPhotoLibrary.xcdatamodeld */; };
		FAB9660E20D06FB4009595C4 /* Assets.xcassets in Resources */ = {isa = PBXBuildFile; fileRef = FAB9660D20D06FB4009595C4 /* Assets.xcassets */; };
		FAB9661120D06FB4009595C4 /* LaunchScreen.storyboard in Resources */ = {isa = PBXBuildFile; fileRef = FAB9660F20D06FB4009595C4 /* LaunchScreen.storyboard */; };
/* End PBXBuildFile section */

/* Begin PBXFileReference section */
		FAB9660020D06FB4009595C4 /* accessCameraPhotoLibrary.app */ = {isa = PBXFileReference; explicitFileType = wrapper.application; includeInIndex = 0; path = accessCameraPhotoLibrary.app; sourceTree = BUILT_PRODUCTS_DIR; };
		FAB9660320D06FB4009595C4 /* AppDelegate.swift */ = {isa = PBXFileReference; lastKnownFileType = sourcecode.swift; path = AppDelegate.swift; sourceTree = "<group>"; };
		FAB9660520D06FB4009595C4 /* AddPhotoViewController.swift */ = {isa = PBXFileReference; lastKnownFileType = sourcecode.swift; path = AddPhotoViewController.swift; sourceTree = "<group>"; };
		FAB9660820D06FB4009595C4 /* Base */ = {isa = PBXFileReference; lastKnownFileType = file.storyboard; name = Base; path = Base.lproj/Main.storyboard; sourceTree = "<group>"; };
		FAB9660B20D06FB4009595C4 /* accessCameraPhotoLibrary.xcdatamodel */ = {isa = PBXFileReference; lastKnownFileType = wrapper.xcdatamodel; path = accessCameraPhotoLibrary.xcdatamodel; sourceTree = "<group>"; };
		FAB9660D20D06FB4009595C4 /* Assets.xcassets */ = {isa = PBXFileReference; lastKnownFileType = folder.assetcatalog; path = Assets.xcassets; sourceTree = "<group>"; };
		FAB9661020D06FB4009595C4 /* Base */ = {isa = PBXFileReference; lastKnownFileType = file.storyboard; name = Base; path = Base.lproj/LaunchScreen.storyboard; sourceTree = "<group>"; };
		FAB9661220D06FB4009595C4 /* Info.plist */ = {isa = PBXFileReference; lastKnownFileType = text.plist.xml; path = Info.plist; sourceTree = "<group>"; };
/* End PBXFileReference section */

/* Begin PBXFrameworksBuildPhase section */
		FAB965FD20D06FB4009595C4 /* Frameworks */ = {
			isa = PBXFrameworksBuildPhase;
			buildActionMask = 2147483647;
			files = (
			);
			runOnlyForDeploymentPostprocessing = 0;
		};
/* End PBXFrameworksBuildPhase section */

/* Begin PBXGroup section */
		FAB965F720D06FB4009595C4 = {
			isa = PBXGroup;
			children = (
				FAB9660220D06FB4009595C4 /* accessCameraPhotoLibrary */,
				FAB9660120D06FB4009595C4 /* Products */,
			);
			sourceTree = "<group>";
		};
		FAB9660120D06FB4009595C4 /* Products */ = {
			isa = PBXGroup;
			children = (
				FAB9660020D06FB4009595C4 /* accessCameraPhotoLibrary.app */,
			);
			name = Products;
			sourceTree = "<group>";
		};
		FAB9660220D06FB4009595C4 /* accessCameraPhotoLibrary */ = {
			isa = PBXGroup;
			children = (
				FAB9660320D06FB4009595C4 /* AppDelegate.swift */,
				FAB9660520D06FB4009595C4 /* AddPhotoViewController.swift */,
				FAB9660720D06FB4009595C4 /* Main.storyboard */,
				FAB9660D20D06FB4009595C4 /* Assets.xcassets */,
				FAB9660F20D06FB4009595C4 /* LaunchScreen.storyboard */,
				FAB9661220D06FB4009595C4 /* Info.plist */,
				FAB9660A20D06FB4009595C4 /* accessCameraPhotoLibrary.xcdatamodeld */,
			);
			path = accessCameraPhotoLibrary;
			sourceTree = "<group>";
		};
/* End PBXGroup section */

/* Begin PBXNativeTarget section */
		FAB965FF20D06FB4009595C4 /* accessCameraPhotoLibrary */ = {
			isa = PBXNativeTarget;
			buildConfigurationList = FAB9661520D06FB4009595C4 /* Build configuration list for PBXNativeTarget "accessCameraPhotoLibrary" */;
			buildPhases = (
				FAB965FC20D06FB4009595C4 /* Sources */,
				FAB965FD20D06FB4009595C4 /* Frameworks */,
				FAB965FE20D06FB4009595C4 /* Resources */,
			);
			buildRules = (
			);
			dependencies = (
			);
			name = accessCameraPhotoLibrary;
			productName = accessCameraPhotoLibrary;
			productReference = FAB9660020D06FB4009595C4 /* accessCameraPhotoLibrary.app */;
			productType = "com.apple.product-type.application";
		};
/* End PBXNativeTarget section */

/* Begin PBXProject section */
		FAB965F820D06FB4009595C4 /* Project object */ = {
			isa = PBXProject;
			attributes = {
				LastSwiftUpdateCheck = 0900;
				LastUpgradeCheck = 0900;
				ORGANIZATIONNAME = ywong;
				TargetAttributes = {
					FAB965FF20D06FB4009595C4 = {
						CreatedOnToolsVersion = 9.0;
						ProvisioningStyle = Automatic;
					};
				};
			};
			buildConfigurationList = FAB965FB20D06FB4009595C4 /* Build configuration list for PBXProject "accessCameraPhotoLibrary" */;
			compatibilityVersion = "Xcode 8.0";
			developmentRegion = en;
			hasScannedForEncodings = 0;
			knownRegions = (
				en,
				Base,
			);
			mainGroup = FAB965F720D06FB4009595C4;
			productRefGroup = FAB9660120D06FB4009595C4 /* Products */;
			projectDirPath = "";
			projectRoot = "";
			targets = (
				FAB965FF20D06FB4009595C4 /* accessCameraPhotoLibrary */,
			);
		};
/* End PBXProject section */

/* Begin PBXResourcesBuildPhase section */
		FAB965FE20D06FB4009595C4 /* Resources */ = {
			isa = PBXResourcesBuildPhase;
			buildActionMask = 2147483647;
			files = (
				FAB9661120D06FB4009595C4 /* LaunchScreen.storyboard in Resources */,
				FAB9660E20D06FB4009595C4 /* Assets.xcassets in Resources */,
				FAB9660920D06FB4009595C4 /* Main.storyboard in Resources */,
			);
			runOnlyForDeploymentPostprocessing = 0;
		};
/* End PBXResourcesBuildPhase section */

/* Begin PBXSourcesBuildPhase section */
		FAB965FC20D06FB4009595C4 /* Sources */ = {
			isa = PBXSourcesBuildPhase;
			buildActionMask = 2147483647;
			files = (
				FAB9660620D06FB4009595C4 /* AddPhotoViewController.swift in Sources */,
				FAB9660420D06FB4009595C4 /* AppDelegate.swift in Sources */,
				FAB9660C20D06FB4009595C4 /* accessCameraPhotoLibrary.xcdatamodeld in Sources */,
			);
			runOnlyForDeploymentPostprocessing = 0;
		};
/* End PBXSourcesBuildPhase section */

/* Begin PBXVariantGroup section */
		FAB9660720D06FB4009595C4 /* Main.storyboard */ = {
			isa = PBXVariantGroup;
			children = (
				FAB9660820D06FB4009595C4 /* Base */,
			);
			name = Main.storyboard;
			sourceTree = "<group>";
		};
		FAB9660F20D06FB4009595C4 /* LaunchScreen.storyboard */ = {
			isa = PBXVariantGroup;
			children = (
				FAB9661020D06FB4009595C4 /* Base */,
			);
			name = LaunchScreen.storyboard;
			sourceTree = "<group>";
		};
/* End PBXVariantGroup section */

/* Begin XCBuildConfiguration section */
		FAB9661320D06FB4009595C4 /* Debug */ = {
			isa = XCBuildConfiguration;
			buildSettings = {
				ALWAYS_SEARCH_USER_PATHS = NO;
				CLANG_ANALYZER_NONNULL = YES;
				CLANG_ANALYZER_NUMBER_OBJECT_CONVERSION = YES_AGGRESSIVE;
				CLANG_CXX_LANGUAGE_STANDARD = "gnu++14";
				CLANG_CXX_LIBRARY = "libc++";
				CLANG_ENABLE_MODULES = YES;
				CLANG_ENABLE_OBJC_ARC = YES;
				CLANG_WARN_BLOCK_CAPTURE_AUTORELEASING = YES;
				CLANG_WARN_BOOL_CONVERSION = YES;
				CLANG_WARN_COMMA = YES;
				CLANG_WARN_CONSTANT_CONVERSION = YES;
				CLANG_WARN_DIRECT_OBJC_ISA_USAGE = YES_ERROR;
				CLANG_WARN_DOCUMENTATION_COMMENTS = YES;
				CLANG_WARN_EMPTY_BODY = YES;
				CLANG_WARN_ENUM_CONVERSION = YES;
				CLANG_WARN_INFINITE_RECURSION = YES;
				CLANG_WARN_INT_CONVERSION = YES;
				CLANG_WARN_NON_LITERAL_NULL_CONVERSION = YES;
				CLANG_WARN_OBJC_LITERAL_CONVERSION = YES;
				CLANG_WARN_OBJC_ROOT_CLASS = YES_ERROR;
				CLANG_WARN_RANGE_LOOP_ANALYSIS = YES;
				CLANG_WARN_STRICT_PROTOTYPES = YES;
				CLANG_WARN_SUSPICIOUS_MOVE = YES;
				CLANG_WARN_UNGUARDED_AVAILABILITY = YES_AGGRESSIVE;
				CLANG_WARN_UNREACHABLE_CODE = YES;
				CLANG_WARN__DUPLICATE_METHOD_MATCH = YES;
				CODE_SIGN_IDENTITY = "iPhone Developer";
				COPY_PHASE_STRIP = NO;
				DEBUG_INFORMATION_FORMAT = dwarf;
				ENABLE_STRICT_OBJC_MSGSEND = YES;
				ENABLE_TESTABILITY = YES;
				GCC_C_LANGUAGE_STANDARD = gnu11;
				GCC_DYNAMIC_NO_PIC = NO;
				GCC_NO_COMMON_BLOCKS = YES;
				GCC_OPTIMIZATION_LEVEL = 0;
				GCC_PREPROCESSOR_DEFINITIONS = (
					"DEBUG=1",
					"$(inherited)",
				);
				GCC_WARN_64_TO_32_BIT_CONVERSION = YES;
				GCC_WARN_ABOUT_RETURN_TYPE = YES_ERROR;
				GCC_WARN_UNDECLARED_SELECTOR = YES;
				GCC_WARN_UNINITIALIZED_AUTOS = YES_AGGRESSIVE;
				GCC_WARN_UNUSED_FUNCTION = YES;
				GCC_WARN_UNUSED_VARIABLE = YES;
				IPHONEOS_DEPLOYMENT_TARGET = 11.0;
				MTL_ENABLE_DEBUG_INFO = YES;
				ONLY_ACTIVE_ARCH = YES;
				SDKROOT = iphoneos;
				SWIFT_ACTIVE_COMPILATION_CONDITIONS = DEBUG;
				SWIFT_OPTIMIZATION_LEVEL = "-Onone";
			};
			name = Debug;
		};
		FAB9661420D06FB4009595C4 /* Release */ = {
			isa = XCBuildConfiguration;
			buildSettings = {
				ALWAYS_SEARCH_USER_PATHS = NO;
				CLANG_ANALYZER_NONNULL = YES;
				CLANG_ANALYZER_NUMBER_OBJECT_CONVERSION = YES_AGGRESSIVE;
				CLANG_CXX_LANGUAGE_STANDARD = "gnu++14";
				CLANG_CXX_LIBRARY = "libc++";
				CLANG_ENABLE_MODULES = YES;
				CLANG_ENABLE_OBJC_ARC = YES;
				CLANG_WARN_BLOCK_CAPTURE_AUTORELEASING = YES;
				CLANG_WARN_BOOL_CONVERSION = YES;
				CLANG_WARN_COMMA = YES;
				CLANG_WARN_CONSTANT_CONVERSION = YES;
				CLANG_WARN_DIRECT_OBJC_ISA_USAGE = YES_ERROR;
				CLANG_WARN_DOCUMENTATION_COMMENTS = YES;
				CLANG_WARN_EMPTY_BODY = YES;
				CLANG_WARN_ENUM_CONVERSION = YES;
				CLANG_WARN_INFINITE_RECURSION = YES;
				CLANG_WARN_INT_CONVERSION = YES;
				CLANG_WARN_NON_LITERAL_NULL_CONVERSION = YES;
				CLANG_WARN_OBJC_LITERAL_CONVERSION = YES;
				CLANG_WARN_OBJC_ROOT_CLASS = YES_ERROR;
				CLANG_WARN_RANGE_LOOP_ANALYSIS = YES;
				CLANG_WARN_STRICT_PROTOTYPES = YES;
				CLANG_WARN_SUSPICIOUS_MOVE = YES;
				CLANG_WARN_UNGUARDED_AVAILABILITY = YES_AGGRESSIVE;
				CLANG_WARN_UNREACHABLE_CODE = YES;
				CLANG_WARN__DUPLICATE_METHOD_MATCH = YES;
				CODE_SIGN_IDENTITY = "iPhone Developer";
				COPY_PHASE_STRIP = NO;
				DEBUG_INFORMATION_FORMAT = "dwarf-with-dsym";
				ENABLE_NS_ASSERTIONS = NO;
				ENABLE_STRICT_OBJC_MSGSEND = YES;
				GCC_C_LANGUAGE_STANDARD = gnu11;
				GCC_NO_COMMON_BLOCKS = YES;
				GCC_WARN_64_TO_32_BIT_CONVERSION = YES;
				GCC_WARN_ABOUT_RETURN_TYPE = YES_ERROR;
				GCC_WARN_UNDECLARED_SELECTOR = YES;
				GCC_WARN_UNINITIALIZED_AUTOS = YES_AGGRESSIVE;
				GCC_WARN_UNUSED_FUNCTION = YES;
				GCC_WARN_UNUSED_VARIABLE = YES;
				IPHONEOS_DEPLOYMENT_TARGET = 11.0;
				MTL_ENABLE_DEBUG_INFO = NO;
				SDKROOT = iphoneos;
				SWIFT_OPTIMIZATION_LEVEL = "-Owholemodule";
				VALIDATE_PRODUCT = YES;
			};
			name = Release;
		};
		FAB9661620D06FB4009595C4 /* Debug */ = {
			isa = XCBuildConfiguration;
			buildSettings = {
				ASSETCATALOG_COMPILER_APPICON_NAME = AppIcon;
				CODE_SIGN_STYLE = Automatic;
				INFOPLIST_FILE = accessCameraPhotoLibrary/Info.plist;
				LD_RUNPATH_SEARCH_PATHS = "$(inherited) @executable_path/Frameworks";
				PRODUCT_BUNDLE_IDENTIFIER = deanza.accessCameraPhotoLibrary;
				PRODUCT_NAME = "$(TARGET_NAME)";
				SWIFT_VERSION = 4.0;
				TARGETED_DEVICE_FAMILY = "1,2";
			};
			name = Debug;
		};
		FAB9661720D06FB4009595C4 /* Release */ = {
			isa = XCBuildConfiguration;
			buildSettings = {
				ASSETCATALOG_COMPILER_APPICON_NAME = AppIcon;
				CODE_SIGN_STYLE = Automatic;
				INFOPLIST_FILE = accessCameraPhotoLibrary/Info.plist;
				LD_RUNPATH_SEARCH_PATHS = "$(inherited) @executable_path/Frameworks";
				PRODUCT_BUNDLE_IDENTIFIER = deanza.accessCameraPhotoLibrary;
				PRODUCT_NAME = "$(TARGET_NAME)";
				SWIFT_VERSION = 4.0;
				TARGETED_DEVICE_FAMILY = "1,2";
			};
			name = Release;
		};
/* End XCBuildConfiguration section */

/* Begin XCConfigurationList section */
		FAB965FB20D06FB4009595C4 /* Build configuration list for PBXProject "accessCameraPhotoLibrary" */ = {
			isa = XCConfigurationList;
			buildConfigurations = (
				FAB9661320D06FB4009595C4 /* Debug */,
				FAB9661420D06FB4009595C4 /* Release */,
			);
			defaultConfigurationIsVisible = 0;
			defaultConfigurationName = Release;
		};
		FAB9661520D06FB4009595C4 /* Build configuration list for PBXNativeTarget "accessCameraPhotoLibrary" */ = {
			isa = XCConfigurationList;
			buildConfigurations = (
				FAB9661620D06FB4009595C4 /* Debug */,
				FAB9661720D06FB4009595C4 /* Release */,
			);
			defaultConfigurationIsVisible = 0;
			defaultConfigurationName = Release;
		};
/* End XCConfigurationList section */

/* Begin XCVersionGroup section */
		FAB9660A20D06FB4009595C4 /* accessCameraPhotoLibrary.xcdatamodeld */ = {
			isa = XCVersionGroup;
			children = (
				FAB9660B20D06FB4009595C4 /* accessCameraPhotoLibrary.xcdatamodel */,
			);
			currentVersion = FAB9660B20D06FB4009595C4 /* accessCameraPhotoLibrary.xcdatamodel */;
			path = accessCameraPhotoLibrary.xcdatamodeld;
			sourceTree = "<group>";
			versionGroupType = wrapper.xcdatamodel;
		};
/* End XCVersionGroup section */
	};
	rootObject = FAB965F820D06FB4009595C4 /* Project object */;
}
